// !$*UTF8*$!
{
	archiveVersion = 1;
	classes = {
	};
	objectVersion = 46;
	objects = {

/* Begin PBXBuildFile section */
		7FB3964B154599980066B205 /* UIKit.framework in Frameworks */ = {isa = PBXBuildFile; fileRef = 7FB3964A154599980066B205 /* UIKit.framework */; };
		7FB3964D154599980066B205 /* Foundation.framework in Frameworks */ = {isa = PBXBuildFile; fileRef = 7FB3964C154599980066B205 /* Foundation.framework */; };
		7FB3964F154599980066B205 /* CoreGraphics.framework in Frameworks */ = {isa = PBXBuildFile; fileRef = 7FB3964E154599980066B205 /* CoreGraphics.framework */; };
		7FB39655154599980066B205 /* InfoPlist.strings in Resources */ = {isa = PBXBuildFile; fileRef = 7FB39653154599980066B205 /* InfoPlist.strings */; };
		7FB39657154599980066B205 /* main.m in Sources */ = {isa = PBXBuildFile; fileRef = 7FB39656154599980066B205 /* main.m */; };
		7FB3965B154599980066B205 /* HunkDiaryAppDelegate.m in Sources */ = {isa = PBXBuildFile; fileRef = 7FB3965A154599980066B205 /* HunkDiaryAppDelegate.m */; };
		7FB3965E154599980066B205 /* MainStoryboard.storyboard in Resources */ = {isa = PBXBuildFile; fileRef = 7FB3965C154599980066B205 /* MainStoryboard.storyboard */; };
		7FB39661154599980066B205 /* HunkDiaryFirstViewController.m in Sources */ = {isa = PBXBuildFile; fileRef = 7FB39660154599980066B205 /* HunkDiaryFirstViewController.m */; };
		7FB39663154599980066B205 /* first.png in Resources */ = {isa = PBXBuildFile; fileRef = 7FB39662154599980066B205 /* first.png */; };
		7FB39665154599980066B205 /* first@2x.png in Resources */ = {isa = PBXBuildFile; fileRef = 7FB39664154599980066B205 /* first@2x.png */; };
		7FB39668154599980066B205 /* HunkDiarySecondViewController.m in Sources */ = {isa = PBXBuildFile; fileRef = 7FB39667154599980066B205 /* HunkDiarySecondViewController.m */; };
		7FB3966A154599980066B205 /* second.png in Resources */ = {isa = PBXBuildFile; fileRef = 7FB39669154599980066B205 /* second.png */; };
		7FB3966C154599980066B205 /* second@2x.png in Resources */ = {isa = PBXBuildFile; fileRef = 7FB3966B154599980066B205 /* second@2x.png */; };
/* End PBXBuildFile section */

/* Begin PBXFileReference section */
		7FB39646154599980066B205 /* HunkDiary2.app */ = {isa = PBXFileReference; explicitFileType = wrapper.application; includeInIndex = 0; path = HunkDiary2.app; sourceTree = BUILT_PRODUCTS_DIR; };
		7FB3964A154599980066B205 /* UIKit.framework */ = {isa = PBXFileReference; lastKnownFileType = wrapper.framework; name = UIKit.framework; path = System/Library/Frameworks/UIKit.framework; sourceTree = SDKROOT; };
		7FB3964C154599980066B205 /* Foundation.framework */ = {isa = PBXFileReference; lastKnownFileType = wrapper.framework; name = Foundation.framework; path = System/Library/Frameworks/Foundation.framework; sourceTree = SDKROOT; };
		7FB3964E154599980066B205 /* CoreGraphics.framework */ = {isa = PBXFileReference; lastKnownFileType = wrapper.framework; name = CoreGraphics.framework; path = System/Library/Frameworks/CoreGraphics.framework; sourceTree = SDKROOT; };
		7FB39652154599980066B205 /* HunkDiary2-Info.plist */ = {isa = PBXFileReference; lastKnownFileType = text.plist.xml; path = "HunkDiary2-Info.plist"; sourceTree = "<group>"; };
		7FB39654154599980066B205 /* en */ = {isa = PBXFileReference; lastKnownFileType = text.plist.strings; name = en; path = en.lproj/InfoPlist.strings; sourceTree = "<group>"; };
		7FB39656154599980066B205 /* main.m */ = {isa = PBXFileReference; lastKnownFileType = sourcecode.c.objc; path = main.m; sourceTree = "<group>"; };
		7FB39658154599980066B205 /* HunkDiary2-Prefix.pch */ = {isa = PBXFileReference; lastKnownFileType = sourcecode.c.h; path = "HunkDiary2-Prefix.pch"; sourceTree = "<group>"; };
		7FB39659154599980066B205 /* HunkDiaryAppDelegate.h */ = {isa = PBXFileReference; lastKnownFileType = sourcecode.c.h; path = HunkDiaryAppDelegate.h; sourceTree = "<group>"; };
		7FB3965A154599980066B205 /* HunkDiaryAppDelegate.m */ = {isa = PBXFileReference; lastKnownFileType = sourcecode.c.objc; path = HunkDiaryAppDelegate.m; sourceTree = "<group>"; };
		7FB3965D154599980066B205 /* en */ = {isa = PBXFileReference; lastKnownFileType = file.storyboard; name = en; path = en.lproj/MainStoryboard.storyboard; sourceTree = "<group>"; };
		7FB3965F154599980066B205 /* HunkDiaryFirstViewController.h */ = {isa = PBXFileReference; lastKnownFileType = sourcecode.c.h; path = HunkDiaryFirstViewController.h; sourceTree = "<group>"; };
		7FB39660154599980066B205 /* HunkDiaryFirstViewController.m */ = {isa = PBXFileReference; lastKnownFileType = sourcecode.c.objc; path = HunkDiaryFirstViewController.m; sourceTree = "<group>"; };
		7FB39662154599980066B205 /* first.png */ = {isa = PBXFileReference; lastKnownFileType = image.png; path = first.png; sourceTree = "<group>"; };
		7FB39664154599980066B205 /* first@2x.png */ = {isa = PBXFileReference; lastKnownFileType = image.png; path = "first@2x.png"; sourceTree = "<group>"; };
		7FB39666154599980066B205 /* HunkDiarySecondViewController.h */ = {isa = PBXFileReference; lastKnownFileType = sourcecode.c.h; path = HunkDiarySecondViewController.h; sourceTree = "<group>"; };
		7FB39667154599980066B205 /* HunkDiarySecondViewController.m */ = {isa = PBXFileReference; lastKnownFileType = sourcecode.c.objc; path = HunkDiarySecondViewController.m; sourceTree = "<group>"; };
		7FB39669154599980066B205 /* second.png */ = {isa = PBXFileReference; lastKnownFileType = image.png; path = second.png; sourceTree = "<group>"; };
		7FB3966B154599980066B205 /* second@2x.png */ = {isa = PBXFileReference; lastKnownFileType = image.png; path = "second@2x.png"; sourceTree = "<group>"; };
/* End PBXFileReference section */

/* Begin PBXFrameworksBuildPhase section */
		7FB39643154599980066B205 /* Frameworks */ = {
			isa = PBXFrameworksBuildPhase;
			buildActionMask = 2147483647;
			files = (
				7FB3964B154599980066B205 /* UIKit.framework in Frameworks */,
				7FB3964D154599980066B205 /* Foundation.framework in Frameworks */,
				7FB3964F154599980066B205 /* CoreGraphics.framework in Frameworks */,
			);
			runOnlyForDeploymentPostprocessing = 0;
		};
/* End PBXFrameworksBuildPhase section */

/* Begin PBXGroup section */
		7FB3963B154599980066B205 = {
			isa = PBXGroup;
			children = (
				7FB39650154599980066B205 /* HunkDiary2 */,
				7FB39649154599980066B205 /* Frameworks */,
				7FB39647154599980066B205 /* Products */,
			);
			sourceTree = "<group>";
		};
		7FB39647154599980066B205 /* Products */ = {
			isa = PBXGroup;
			children = (
				7FB39646154599980066B205 /* HunkDiary2.app */,
			);
			name = Products;
			sourceTree = "<group>";
		};
		7FB39649154599980066B205 /* Frameworks */ = {
			isa = PBXGroup;
			children = (
				7FB3964A154599980066B205 /* UIKit.framework */,
				7FB3964C154599980066B205 /* Foundation.framework */,
				7FB3964E154599980066B205 /* CoreGraphics.framework */,
			);
			name = Frameworks;
			sourceTree = "<group>";
		};
		7FB39650154599980066B205 /* HunkDiary2 */ = {
			isa = PBXGroup;
			children = (
				7FB39659154599980066B205 /* HunkDiaryAppDelegate.h */,
				7FB3965A154599980066B205 /* HunkDiaryAppDelegate.m */,
				7FB3965C154599980066B205 /* MainStoryboard.storyboard */,
				7FB3965F154599980066B205 /* HunkDiaryFirstViewController.h */,
				7FB39660154599980066B205 /* HunkDiaryFirstViewController.m */,
				7FB39662154599980066B205 /* first.png */,
				7FB39664154599980066B205 /* first@2x.png */,
				7FB39666154599980066B205 /* HunkDiarySecondViewController.h */,
				7FB39667154599980066B205 /* HunkDiarySecondViewController.m */,
				7FB39669154599980066B205 /* second.png */,
				7FB3966B154599980066B205 /* second@2x.png */,
				7FB39651154599980066B205 /* Supporting Files */,
			);
			path = HunkDiary2;
			sourceTree = "<group>";
		};
		7FB39651154599980066B205 /* Supporting Files */ = {
			isa = PBXGroup;
			children = (
				7FB39652154599980066B205 /* HunkDiary2-Info.plist */,
				7FB39653154599980066B205 /* InfoPlist.strings */,
				7FB39656154599980066B205 /* main.m */,
				7FB39658154599980066B205 /* HunkDiary2-Prefix.pch */,
			);
			name = "Supporting Files";
			sourceTree = "<group>";
		};
/* End PBXGroup section */

/* Begin PBXNativeTarget section */
		7FB39645154599980066B205 /* HunkDiary2 */ = {
			isa = PBXNativeTarget;
			buildConfigurationList = 7FB3966F154599980066B205 /* Build configuration list for PBXNativeTarget "HunkDiary2" */;
			buildPhases = (
				7FB39642154599980066B205 /* Sources */,
				7FB39643154599980066B205 /* Frameworks */,
				7FB39644154599980066B205 /* Resources */,
			);
			buildRules = (
			);
			dependencies = (
			);
			name = HunkDiary2;
			productName = HunkDiary2;
			productReference = 7FB39646154599980066B205 /* HunkDiary2.app */;
			productType = "com.apple.product-type.application";
		};
/* End PBXNativeTarget section */

/* Begin PBXProject section */
		7FB3963D154599980066B205 /* Project object */ = {
			isa = PBXProject;
			attributes = {
				LastUpgradeCheck = 0420;
			};
			buildConfigurationList = 7FB39640154599980066B205 /* Build configuration list for PBXProject "HunkDiary2" */;
			compatibilityVersion = "Xcode 3.2";
			developmentRegion = English;
			hasScannedForEncodings = 0;
			knownRegions = (
				en,
			);
			mainGroup = 7FB3963B154599980066B205;
			productRefGroup = 7FB39647154599980066B205 /* Products */;
			projectDirPath = "";
			projectRoot = "";
			targets = (
				7FB39645154599980066B205 /* HunkDiary2 */,
			);
		};
/* End PBXProject section */

/* Begin PBXResourcesBuildPhase section */
		7FB39644154599980066B205 /* Resources */ = {
			isa = PBXResourcesBuildPhase;
			buildActionMask = 2147483647;
			files = (
				7FB39655154599980066B205 /* InfoPlist.strings in Resources */,
				7FB3965E154599980066B205 /* MainStoryboard.storyboard in Resources */,
				7FB39663154599980066B205 /* first.png in Resources */,
				7FB39665154599980066B205 /* first@2x.png in Resources */,
				7FB3966A154599980066B205 /* second.png in Resources */,
				7FB3966C154599980066B205 /* second@2x.png in Resources */,
			);
			runOnlyForDeploymentPostprocessing = 0;
		};
/* End PBXResourcesBuildPhase section */

/* Begin PBXSourcesBuildPhase section */
		7FB39642154599980066B205 /* Sources */ = {
			isa = PBXSourcesBuildPhase;
			buildActionMask = 2147483647;
			files = (
				7FB39657154599980066B205 /* main.m in Sources */,
				7FB3965B154599980066B205 /* HunkDiaryAppDelegate.m in Sources */,
				7FB39661154599980066B205 /* HunkDiaryFirstViewController.m in Sources */,
				7FB39668154599980066B205 /* HunkDiarySecondViewController.m in Sources */,
			);
			runOnlyForDeploymentPostprocessing = 0;
		};
/* End PBXSourcesBuildPhase section */

/* Begin PBXVariantGroup section */
		7FB39653154599980066B205 /* InfoPlist.strings */ = {
			isa = PBXVariantGroup;
			children = (
				7FB39654154599980066B205 /* en */,
			);
			name = InfoPlist.strings;
			sourceTree = "<group>";
		};
		7FB3965C154599980066B205 /* MainStoryboard.storyboard */ = {
			isa = PBXVariantGroup;
			children = (
				7FB3965D154599980066B205 /* en */,
			);
			name = MainStoryboard.storyboard;
			sourceTree = "<group>";
		};
/* End PBXVariantGroup section */

/* Begin XCBuildConfiguration section */
		7FB3966D154599980066B205 /* Debug */ = {
			isa = XCBuildConfiguration;
			buildSettings = {
				ALWAYS_SEARCH_USER_PATHS = NO;
				ARCHS = "$(ARCHS_STANDARD_32_BIT)";
				CLANG_ENABLE_OBJC_ARC = YES;
				"CODE_SIGN_IDENTITY[sdk=iphoneos*]" = "iPhone Developer";
				COPY_PHASE_STRIP = NO;
				GCC_C_LANGUAGE_STANDARD = gnu99;
				GCC_DYNAMIC_NO_PIC = NO;
				GCC_OPTIMIZATION_LEVEL = 0;
				GCC_PREPROCESSOR_DEFINITIONS = (
					"DEBUG=1",
					"$(inherited)",
				);
				GCC_SYMBOLS_PRIVATE_EXTERN = NO;
				GCC_VERSION = com.apple.compilers.llvm.clang.1_0;
				GCC_WARN_ABOUT_MISSING_PROTOTYPES = YES;
				GCC_WARN_ABOUT_RETURN_TYPE = YES;
				GCC_WARN_UNUSED_VARIABLE = YES;
				IPHONEOS_DEPLOYMENT_TARGET = 5.0;
				SDKROOT = iphoneos;
			};
			name = Debug;
		};
		7FB3966E154599980066B205 /* Release */ = {
			isa = XCBuildConfiguration;
			buildSettings = {
				ALWAYS_SEARCH_USER_PATHS = NO;
				ARCHS = "$(ARCHS_STANDARD_32_BIT)";
				CLANG_ENABLE_OBJC_ARC = YES;
				"CODE_SIGN_IDENTITY[sdk=iphoneos*]" = "iPhone Developer";
				COPY_PHASE_STRIP = YES;
				GCC_C_LANGUAGE_STANDARD = gnu99;
				GCC_VERSION = com.apple.compilers.llvm.clang.1_0;
				GCC_WARN_ABOUT_MISSING_PROTOTYPES = YES;
				GCC_WARN_ABOUT_RETURN_TYPE = YES;
				GCC_WARN_UNUSED_VARIABLE = YES;
				IPHONEOS_DEPLOYMENT_TARGET = 5.0;
				OTHER_CFLAGS = "-DNS_BLOCK_ASSERTIONS=1";
				SDKROOT = iphoneos;
				VALIDATE_PRODUCT = YES;
			};
			name = Release;
		};
		7FB39670154599980066B205 /* Debug */ = {
			isa = XCBuildConfiguration;
			buildSettings = {
				GCC_PRECOMPILE_PREFIX_HEADER = YES;
				GCC_PREFIX_HEADER = "HunkDiary2/HunkDiary2-Prefix.pch";
				INFOPLIST_FILE = "HunkDiary2/HunkDiary2-Info.plist";
				PRODUCT_NAME = "$(TARGET_NAME)";
				WRAPPER_EXTENSION = app;
			};
			name = Debug;
		};
		7FB39671154599980066B205 /* Release */ = {
			isa = XCBuildConfiguration;
			buildSettings = {
				GCC_PRECOMPILE_PREFIX_HEADER = YES;
				GCC_PREFIX_HEADER = "HunkDiary2/HunkDiary2-Prefix.pch";
				INFOPLIST_FILE = "HunkDiary2/HunkDiary2-Info.plist";
				PRODUCT_NAME = "$(TARGET_NAME)";
				WRAPPER_EXTENSION = app;
			};
			name = Release;
		};
/* End XCBuildConfiguration section */

/* Begin XCConfigurationList section */
		7FB39640154599980066B205 /* Build configuration list for PBXProject "HunkDiary2" */ = {
			isa = XCConfigurationList;
			buildConfigurations = (
				7FB3966D154599980066B205 /* Debug */,
				7FB3966E154599980066B205 /* Release */,
			);
			defaultConfigurationIsVisible = 0;
			defaultConfigurationName = Release;
		};
		7FB3966F154599980066B205 /* Build configuration list for PBXNativeTarget "HunkDiary2" */ = {
			isa = XCConfigurationList;
			buildConfigurations = (
				7FB39670154599980066B205 /* Debug */,
				7FB39671154599980066B205 /* Release */,
			);
			defaultConfigurationIsVisible = 0;
		};
/* End XCConfigurationList section */
	};
	rootObject = 7FB3963D154599980066B205 /* Project object */;
}
